
Microsoft Visual Studio Solution File, Format Version 12.00
# Visual Studio 14
VisualStudioVersion = 14.0.25420.1
MinimumVisualStudioVersion = 10.0.40219.1
Project("{FAE04EC0-301F-11D3-BF4B-00C04F79EFBC}") = "More_Code_Exercises", "More_Code_Exercises.csproj", "{7C522299-E951-410A-B1A7-14FB8234E1D0}"
EndProject
Project("{FAE04EC0-301F-11D3-BF4B-00C04F79EFBC}") = "More_Code_ExercisesTests", "..\More_Code_ExercisesTests2\More_Code_ExercisesTests.csproj", "{8B66F4DB-87D3-40A9-A17E-6FECACD43959}"
EndProject
Global
	GlobalSection(SolutionConfigurationPlatforms) = preSolution
		Debug|Any CPU = Debug|Any CPU
		Release|Any CPU = Release|Any CPU
	EndGlobalSection
	GlobalSection(ProjectConfigurationPlatforms) = postSolution
		{7C522299-E951-410A-B1A7-14FB8234E1D0}.Debug|Any CPU.ActiveCfg = Debug|Any CPU
		{7C522299-E951-410A-B1A7-14FB8234E1D0}.Debug|Any CPU.Build.0 = Debug|Any CPU
		{7C522299-E951-410A-B1A7-14FB8234E1D0}.Release|Any CPU.ActiveCfg = Release|Any CPU
		{7C522299-E951-410A-B1A7-14FB8234E1D0}.Release|Any CPU.Build.0 = Release|Any CPU
		{8B66F4DB-87D3-40A9-A17E-6FECACD43959}.Debug|Any CPU.ActiveCfg = Debug|Any CPU
		{8B66F4DB-87D3-40A9-A17E-6FECACD43959}.Debug|Any CPU.Build.0 = Debug|Any CPU
		{8B66F4DB-87D3-40A9-A17E-6FECACD43959}.Release|Any CPU.ActiveCfg = Release|Any CPU
		{8B66F4DB-87D3-40A9-A17E-6FECACD43959}.Release|Any CPU.Build.0 = Release|Any CPU
	EndGlobalSection
	GlobalSection(SolutionProperties) = preSolution
		HideSolutionNode = FALSE
	EndGlobalSection
EndGlobal
